
Microsoft Visual Studio Solution File, Format Version 12.00
# Visual Studio Version 17
VisualStudioVersion = 17.11.35303.130
MinimumVisualStudioVersion = 10.0.40219.1
Project("{FAE04EC0-301F-11D3-BF4B-00C04F79EFBC}") = "SemanticKernelDemo", "SemanticKernelDemo\SemanticKernelDemo.csproj", "{819610FD-0D81-4D5A-BF12-968463CFA911}"
EndProject
Global
	GlobalSection(SolutionConfigurationPlatforms) = preSolution
		Debug|Any CPU = Debug|Any CPU
		Release|Any CPU = Release|Any CPU
	EndGlobalSection
	GlobalSection(ProjectConfigurationPlatforms) = postSolution
		{819610FD-0D81-4D5A-BF12-968463CFA911}.Debug|Any CPU.ActiveCfg = Debug|Any CPU
		{819610FD-0D81-4D5A-BF12-968463CFA911}.Debug|Any CPU.Build.0 = Debug|Any CPU
		{819610FD-0D81-4D5A-BF12-968463CFA911}.Release|Any CPU.ActiveCfg = Release|Any CPU
		{819610FD-0D81-4D5A-BF12-968463CFA911}.Release|Any CPU.Build.0 = Release|Any CPU
	EndGlobalSection
	GlobalSection(SolutionProperties) = preSolution
		HideSolutionNode = FALSE
	EndGlobalSection
	GlobalSection(ExtensibilityGlobals) = postSolution
		SolutionGuid = {8E7FFEF6-A955-4A8F-8DA3-BF54DD98DB4B}
	EndGlobalSection
EndGlobal
